
Microsoft Visual Studio Solution File, Format Version 12.00
# Visual Studio Version 17
VisualStudioVersion = 17.13.35919.96 d17.13
MinimumVisualStudioVersion = 10.0.40219.1
Project("{FAE04EC0-301F-11D3-BF4B-00C04F79EFBC}") = "Events", "Events.csproj", "{6226A9E1-6AAF-47BA-A56B-4042A2882AA6}"
EndProject
Project("{FAE04EC0-301F-11D3-BF4B-00C04F79EFBC}") = "Events2", "..\Event2\Events2.csproj", "{2033AE29-2F06-431A-A12C-80FF5F42A0C9}"
EndProject
Project("{FAE04EC0-301F-11D3-BF4B-00C04F79EFBC}") = "Events3", "..\Events3\Events3.csproj", "{6613BC88-3D51-474F-9120-B9A2AD7FBE37}"
EndProject
Global
	GlobalSection(SolutionConfigurationPlatforms) = preSolution
		Debug|Any CPU = Debug|Any CPU
		Release|Any CPU = Release|Any CPU
	EndGlobalSection
	GlobalSection(ProjectConfigurationPlatforms) = postSolution
		{6226A9E1-6AAF-47BA-A56B-4042A2882AA6}.Debug|Any CPU.ActiveCfg = Debug|Any CPU
		{6226A9E1-6AAF-47BA-A56B-4042A2882AA6}.Debug|Any CPU.Build.0 = Debug|Any CPU
		{6226A9E1-6AAF-47BA-A56B-4042A2882AA6}.Release|Any CPU.ActiveCfg = Release|Any CPU
		{6226A9E1-6AAF-47BA-A56B-4042A2882AA6}.Release|Any CPU.Build.0 = Release|Any CPU
		{2033AE29-2F06-431A-A12C-80FF5F42A0C9}.Debug|Any CPU.ActiveCfg = Debug|Any CPU
		{2033AE29-2F06-431A-A12C-80FF5F42A0C9}.Debug|Any CPU.Build.0 = Debug|Any CPU
		{2033AE29-2F06-431A-A12C-80FF5F42A0C9}.Release|Any CPU.ActiveCfg = Release|Any CPU
		{2033AE29-2F06-431A-A12C-80FF5F42A0C9}.Release|Any CPU.Build.0 = Release|Any CPU
		{6613BC88-3D51-474F-9120-B9A2AD7FBE37}.Debug|Any CPU.ActiveCfg = Debug|Any CPU
		{6613BC88-3D51-474F-9120-B9A2AD7FBE37}.Debug|Any CPU.Build.0 = Debug|Any CPU
		{6613BC88-3D51-474F-9120-B9A2AD7FBE37}.Release|Any CPU.ActiveCfg = Release|Any CPU
		{6613BC88-3D51-474F-9120-B9A2AD7FBE37}.Release|Any CPU.Build.0 = Release|Any CPU
	EndGlobalSection
	GlobalSection(SolutionProperties) = preSolution
		HideSolutionNode = FALSE
	EndGlobalSection
	GlobalSection(ExtensibilityGlobals) = postSolution
		SolutionGuid = {8BA63CFC-7BE4-4D2A-B772-4DBEB4E4A836}
	EndGlobalSection
EndGlobal
